
Microsoft Visual Studio Solution File, Format Version 12.00
# Visual Studio Version 16
VisualStudioVersion = 16.0.30114.105
MinimumVisualStudioVersion = 10.0.40219.1
Project("{2150E333-8FDC-42A3-9474-1A3956D46DE8}") = "Composite", "Composite", "{847B0817-E4F5-4D7C-BF3B-D218491047CC}"
	ProjectSection(SolutionItems) = preProject
		Composite\README.md = Composite\README.md
	EndProjectSection
EndProject
Project("{FAE04EC0-301F-11D3-BF4B-00C04F79EFBC}") = "Composite.Logic", "Composite\Composite.Logic\Composite.Logic.csproj", "{452E6F88-1974-40DA-8734-9DF1381CCD54}"
EndProject
Project("{FAE04EC0-301F-11D3-BF4B-00C04F79EFBC}") = "Composite.Logic.Tests", "Composite\Composite.Logic.Tests\Composite.Logic.Tests.csproj", "{130F0622-9F02-4ACB-8D11-CEEDA9031B29}"
EndProject
Project("{2150E333-8FDC-42A3-9474-1A3956D46DE8}") = "Misc", "Misc", "{F1E960CE-60B0-45BC-83EB-70E5FAA175B8}"
	ProjectSection(SolutionItems) = preProject
		README.md = README.md
		.github\workflows\dotnet.yml = .github\workflows\dotnet.yml
		.gitignore = .gitignore
		.github\dependabot.yml = .github\dependabot.yml
		.editorconfig = .editorconfig
		tools\dupfinder.sh = tools\dupfinder.sh
	EndProjectSection
EndProject
Project("{2150E333-8FDC-42A3-9474-1A3956D46DE8}") = "Bridge", "Bridge", "{11E81B1E-5B8F-42A3-8D71-13C6CDBD60D4}"
	ProjectSection(SolutionItems) = preProject
		Bridge\README.md = Bridge\README.md
	EndProjectSection
EndProject
Project("{FAE04EC0-301F-11D3-BF4B-00C04F79EFBC}") = "Bridge.Logic", "Bridge\Bridge.Logic\Bridge.Logic.csproj", "{88E2893C-488B-4099-A8EC-89A2CAACC34E}"
EndProject
Project("{FAE04EC0-301F-11D3-BF4B-00C04F79EFBC}") = "Bridge.Logic.Tests", "Bridge\Bridge.Logic.Tests\Bridge.Logic.Tests.csproj", "{E9D965C9-90BA-4D26-93E9-675A595BB9D1}"
EndProject
Project("{2150E333-8FDC-42A3-9474-1A3956D46DE8}") = "Facade", "Facade", "{3C897AF7-830A-469B-811F-6764550EBF46}"
ProjectSection(SolutionItems) = preProject
	Facade\README.md = Facade\README.md
	Facade\env.local = Facade\env.local
EndProjectSection
EndProject
Project("{FAE04EC0-301F-11D3-BF4B-00C04F79EFBC}") = "Facade.App", "Facade\Facade.App\Facade.App.csproj", "{4097D75C-EBCF-4A04-8377-8887E7FD296B}"
EndProject
Project("{FAE04EC0-301F-11D3-BF4B-00C04F79EFBC}") = "Facade.Logic", "Facade\Facade.Logic\Facade.Logic.csproj", "{D58D8AC9-DE2A-4BF2-BD1C-C5BD6621F196}"
EndProject
Project("{FAE04EC0-301F-11D3-BF4B-00C04F79EFBC}") = "Facade.Logic.Tests", "Facade\Facade.Logic.Tests\Facade.Logic.Tests.csproj", "{F0A3293E-14DE-468B-A0C8-160FA0D1CCF3}"
EndProject
Project("{FAE04EC0-301F-11D3-BF4B-00C04F79EFBC}") = "Composite.App", "Composite\Composite.App\Composite.App.csproj", "{5262B284-3086-4682-A1B6-B299F0A980B5}"
EndProject
Project("{FAE04EC0-301F-11D3-BF4B-00C04F79EFBC}") = "Facade.Api.Tests", "Facade\Facade.Api.Tests\Facade.Api.Tests.csproj", "{4805866C-94BB-4C74-A0EF-FCD6840D6178}"
EndProject
Project("{2150E333-8FDC-42A3-9474-1A3956D46DE8}") = "Repository", "Repository", "{58768315-EFFD-402F-B538-E49C107B37B2}"
	ProjectSection(SolutionItems) = preProject
		Repository\README.md = Repository\README.md
	EndProjectSection
EndProject
Project("{FAE04EC0-301F-11D3-BF4B-00C04F79EFBC}") = "Repository.Tests", "Repository\csharp\Repository.Tests\Repository.Tests.csproj", "{D32DD85A-1E16-4C77-B57C-3563AF44A2EA}"
EndProject
Project("{FAE04EC0-301F-11D3-BF4B-00C04F79EFBC}") = "Repository", "Repository\csharp\Repository\Repository.csproj", "{E38D84AF-6F7D-4556-93C8-A5A121ED68FC}"
EndProject
Global
	GlobalSection(SolutionConfigurationPlatforms) = preSolution
		Debug|Any CPU = Debug|Any CPU
		Debug|x64 = Debug|x64
		Debug|x86 = Debug|x86
		Release|Any CPU = Release|Any CPU
		Release|x64 = Release|x64
		Release|x86 = Release|x86
	EndGlobalSection
	GlobalSection(SolutionProperties) = preSolution
		HideSolutionNode = FALSE
	EndGlobalSection
	GlobalSection(ProjectConfigurationPlatforms) = postSolution
		{452E6F88-1974-40DA-8734-9DF1381CCD54}.Debug|Any CPU.ActiveCfg = Debug|Any CPU
		{452E6F88-1974-40DA-8734-9DF1381CCD54}.Debug|Any CPU.Build.0 = Debug|Any CPU
		{452E6F88-1974-40DA-8734-9DF1381CCD54}.Debug|x64.ActiveCfg = Debug|Any CPU
		{452E6F88-1974-40DA-8734-9DF1381CCD54}.Debug|x64.Build.0 = Debug|Any CPU
		{452E6F88-1974-40DA-8734-9DF1381CCD54}.Debug|x86.ActiveCfg = Debug|Any CPU
		{452E6F88-1974-40DA-8734-9DF1381CCD54}.Debug|x86.Build.0 = Debug|Any CPU
		{452E6F88-1974-40DA-8734-9DF1381CCD54}.Release|Any CPU.ActiveCfg = Release|Any CPU
		{452E6F88-1974-40DA-8734-9DF1381CCD54}.Release|Any CPU.Build.0 = Release|Any CPU
		{452E6F88-1974-40DA-8734-9DF1381CCD54}.Release|x64.ActiveCfg = Release|Any CPU
		{452E6F88-1974-40DA-8734-9DF1381CCD54}.Release|x64.Build.0 = Release|Any CPU
		{452E6F88-1974-40DA-8734-9DF1381CCD54}.Release|x86.ActiveCfg = Release|Any CPU
		{452E6F88-1974-40DA-8734-9DF1381CCD54}.Release|x86.Build.0 = Release|Any CPU
		{130F0622-9F02-4ACB-8D11-CEEDA9031B29}.Debug|Any CPU.ActiveCfg = Debug|Any CPU
		{130F0622-9F02-4ACB-8D11-CEEDA9031B29}.Debug|Any CPU.Build.0 = Debug|Any CPU
		{130F0622-9F02-4ACB-8D11-CEEDA9031B29}.Debug|x64.ActiveCfg = Debug|Any CPU
		{130F0622-9F02-4ACB-8D11-CEEDA9031B29}.Debug|x64.Build.0 = Debug|Any CPU
		{130F0622-9F02-4ACB-8D11-CEEDA9031B29}.Debug|x86.ActiveCfg = Debug|Any CPU
		{130F0622-9F02-4ACB-8D11-CEEDA9031B29}.Debug|x86.Build.0 = Debug|Any CPU
		{130F0622-9F02-4ACB-8D11-CEEDA9031B29}.Release|Any CPU.ActiveCfg = Release|Any CPU
		{130F0622-9F02-4ACB-8D11-CEEDA9031B29}.Release|Any CPU.Build.0 = Release|Any CPU
		{130F0622-9F02-4ACB-8D11-CEEDA9031B29}.Release|x64.ActiveCfg = Release|Any CPU
		{130F0622-9F02-4ACB-8D11-CEEDA9031B29}.Release|x64.Build.0 = Release|Any CPU
		{130F0622-9F02-4ACB-8D11-CEEDA9031B29}.Release|x86.ActiveCfg = Release|Any CPU
		{130F0622-9F02-4ACB-8D11-CEEDA9031B29}.Release|x86.Build.0 = Release|Any CPU
		{88E2893C-488B-4099-A8EC-89A2CAACC34E}.Debug|Any CPU.ActiveCfg = Debug|Any CPU
		{88E2893C-488B-4099-A8EC-89A2CAACC34E}.Debug|Any CPU.Build.0 = Debug|Any CPU
		{88E2893C-488B-4099-A8EC-89A2CAACC34E}.Debug|x64.ActiveCfg = Debug|Any CPU
		{88E2893C-488B-4099-A8EC-89A2CAACC34E}.Debug|x64.Build.0 = Debug|Any CPU
		{88E2893C-488B-4099-A8EC-89A2CAACC34E}.Debug|x86.ActiveCfg = Debug|Any CPU
		{88E2893C-488B-4099-A8EC-89A2CAACC34E}.Debug|x86.Build.0 = Debug|Any CPU
		{88E2893C-488B-4099-A8EC-89A2CAACC34E}.Release|Any CPU.ActiveCfg = Release|Any CPU
		{88E2893C-488B-4099-A8EC-89A2CAACC34E}.Release|Any CPU.Build.0 = Release|Any CPU
		{88E2893C-488B-4099-A8EC-89A2CAACC34E}.Release|x64.ActiveCfg = Release|Any CPU
		{88E2893C-488B-4099-A8EC-89A2CAACC34E}.Release|x64.Build.0 = Release|Any CPU
		{88E2893C-488B-4099-A8EC-89A2CAACC34E}.Release|x86.ActiveCfg = Release|Any CPU
		{88E2893C-488B-4099-A8EC-89A2CAACC34E}.Release|x86.Build.0 = Release|Any CPU
		{E9D965C9-90BA-4D26-93E9-675A595BB9D1}.Debug|Any CPU.ActiveCfg = Debug|Any CPU
		{E9D965C9-90BA-4D26-93E9-675A595BB9D1}.Debug|Any CPU.Build.0 = Debug|Any CPU
		{E9D965C9-90BA-4D26-93E9-675A595BB9D1}.Debug|x64.ActiveCfg = Debug|Any CPU
		{E9D965C9-90BA-4D26-93E9-675A595BB9D1}.Debug|x64.Build.0 = Debug|Any CPU
		{E9D965C9-90BA-4D26-93E9-675A595BB9D1}.Debug|x86.ActiveCfg = Debug|Any CPU
		{E9D965C9-90BA-4D26-93E9-675A595BB9D1}.Debug|x86.Build.0 = Debug|Any CPU
		{E9D965C9-90BA-4D26-93E9-675A595BB9D1}.Release|Any CPU.ActiveCfg = Release|Any CPU
		{E9D965C9-90BA-4D26-93E9-675A595BB9D1}.Release|Any CPU.Build.0 = Release|Any CPU
		{E9D965C9-90BA-4D26-93E9-675A595BB9D1}.Release|x64.ActiveCfg = Release|Any CPU
		{E9D965C9-90BA-4D26-93E9-675A595BB9D1}.Release|x64.Build.0 = Release|Any CPU
		{E9D965C9-90BA-4D26-93E9-675A595BB9D1}.Release|x86.ActiveCfg = Release|Any CPU
		{E9D965C9-90BA-4D26-93E9-675A595BB9D1}.Release|x86.Build.0 = Release|Any CPU
		{4097D75C-EBCF-4A04-8377-8887E7FD296B}.Debug|Any CPU.ActiveCfg = Debug|Any CPU
		{4097D75C-EBCF-4A04-8377-8887E7FD296B}.Debug|Any CPU.Build.0 = Debug|Any CPU
		{4097D75C-EBCF-4A04-8377-8887E7FD296B}.Debug|x64.ActiveCfg = Debug|Any CPU
		{4097D75C-EBCF-4A04-8377-8887E7FD296B}.Debug|x64.Build.0 = Debug|Any CPU
		{4097D75C-EBCF-4A04-8377-8887E7FD296B}.Debug|x86.ActiveCfg = Debug|Any CPU
		{4097D75C-EBCF-4A04-8377-8887E7FD296B}.Debug|x86.Build.0 = Debug|Any CPU
		{4097D75C-EBCF-4A04-8377-8887E7FD296B}.Release|Any CPU.ActiveCfg = Release|Any CPU
		{4097D75C-EBCF-4A04-8377-8887E7FD296B}.Release|Any CPU.Build.0 = Release|Any CPU
		{4097D75C-EBCF-4A04-8377-8887E7FD296B}.Release|x64.ActiveCfg = Release|Any CPU
		{4097D75C-EBCF-4A04-8377-8887E7FD296B}.Release|x64.Build.0 = Release|Any CPU
		{4097D75C-EBCF-4A04-8377-8887E7FD296B}.Release|x86.ActiveCfg = Release|Any CPU
		{4097D75C-EBCF-4A04-8377-8887E7FD296B}.Release|x86.Build.0 = Release|Any CPU
		{D58D8AC9-DE2A-4BF2-BD1C-C5BD6621F196}.Debug|Any CPU.ActiveCfg = Debug|Any CPU
		{D58D8AC9-DE2A-4BF2-BD1C-C5BD6621F196}.Debug|Any CPU.Build.0 = Debug|Any CPU
		{D58D8AC9-DE2A-4BF2-BD1C-C5BD6621F196}.Debug|x64.ActiveCfg = Debug|Any CPU
		{D58D8AC9-DE2A-4BF2-BD1C-C5BD6621F196}.Debug|x64.Build.0 = Debug|Any CPU
		{D58D8AC9-DE2A-4BF2-BD1C-C5BD6621F196}.Debug|x86.ActiveCfg = Debug|Any CPU
		{D58D8AC9-DE2A-4BF2-BD1C-C5BD6621F196}.Debug|x86.Build.0 = Debug|Any CPU
		{D58D8AC9-DE2A-4BF2-BD1C-C5BD6621F196}.Release|Any CPU.ActiveCfg = Release|Any CPU
		{D58D8AC9-DE2A-4BF2-BD1C-C5BD6621F196}.Release|Any CPU.Build.0 = Release|Any CPU
		{D58D8AC9-DE2A-4BF2-BD1C-C5BD6621F196}.Release|x64.ActiveCfg = Release|Any CPU
		{D58D8AC9-DE2A-4BF2-BD1C-C5BD6621F196}.Release|x64.Build.0 = Release|Any CPU
		{D58D8AC9-DE2A-4BF2-BD1C-C5BD6621F196}.Release|x86.ActiveCfg = Release|Any CPU
		{D58D8AC9-DE2A-4BF2-BD1C-C5BD6621F196}.Release|x86.Build.0 = Release|Any CPU
		{F0A3293E-14DE-468B-A0C8-160FA0D1CCF3}.Debug|Any CPU.ActiveCfg = Debug|Any CPU
		{F0A3293E-14DE-468B-A0C8-160FA0D1CCF3}.Debug|Any CPU.Build.0 = Debug|Any CPU
		{F0A3293E-14DE-468B-A0C8-160FA0D1CCF3}.Debug|x64.ActiveCfg = Debug|Any CPU
		{F0A3293E-14DE-468B-A0C8-160FA0D1CCF3}.Debug|x64.Build.0 = Debug|Any CPU
		{F0A3293E-14DE-468B-A0C8-160FA0D1CCF3}.Debug|x86.ActiveCfg = Debug|Any CPU
		{F0A3293E-14DE-468B-A0C8-160FA0D1CCF3}.Debug|x86.Build.0 = Debug|Any CPU
		{F0A3293E-14DE-468B-A0C8-160FA0D1CCF3}.Release|Any CPU.ActiveCfg = Release|Any CPU
		{F0A3293E-14DE-468B-A0C8-160FA0D1CCF3}.Release|Any CPU.Build.0 = Release|Any CPU
		{F0A3293E-14DE-468B-A0C8-160FA0D1CCF3}.Release|x64.ActiveCfg = Release|Any CPU
		{F0A3293E-14DE-468B-A0C8-160FA0D1CCF3}.Release|x64.Build.0 = Release|Any CPU
		{F0A3293E-14DE-468B-A0C8-160FA0D1CCF3}.Release|x86.ActiveCfg = Release|Any CPU
		{F0A3293E-14DE-468B-A0C8-160FA0D1CCF3}.Release|x86.Build.0 = Release|Any CPU
		{5262B284-3086-4682-A1B6-B299F0A980B5}.Debug|Any CPU.ActiveCfg = Debug|Any CPU
		{5262B284-3086-4682-A1B6-B299F0A980B5}.Debug|Any CPU.Build.0 = Debug|Any CPU
		{5262B284-3086-4682-A1B6-B299F0A980B5}.Debug|x64.ActiveCfg = Debug|Any CPU
		{5262B284-3086-4682-A1B6-B299F0A980B5}.Debug|x64.Build.0 = Debug|Any CPU
		{5262B284-3086-4682-A1B6-B299F0A980B5}.Debug|x86.ActiveCfg = Debug|Any CPU
		{5262B284-3086-4682-A1B6-B299F0A980B5}.Debug|x86.Build.0 = Debug|Any CPU
		{5262B284-3086-4682-A1B6-B299F0A980B5}.Release|Any CPU.ActiveCfg = Release|Any CPU
		{5262B284-3086-4682-A1B6-B299F0A980B5}.Release|Any CPU.Build.0 = Release|Any CPU
		{5262B284-3086-4682-A1B6-B299F0A980B5}.Release|x64.ActiveCfg = Release|Any CPU
		{5262B284-3086-4682-A1B6-B299F0A980B5}.Release|x64.Build.0 = Release|Any CPU
		{5262B284-3086-4682-A1B6-B299F0A980B5}.Release|x86.ActiveCfg = Release|Any CPU
		{5262B284-3086-4682-A1B6-B299F0A980B5}.Release|x86.Build.0 = Release|Any CPU
		{4805866C-94BB-4C74-A0EF-FCD6840D6178}.Debug|Any CPU.ActiveCfg = Debug|Any CPU
		{4805866C-94BB-4C74-A0EF-FCD6840D6178}.Debug|Any CPU.Build.0 = Debug|Any CPU
		{4805866C-94BB-4C74-A0EF-FCD6840D6178}.Debug|x64.ActiveCfg = Debug|Any CPU
		{4805866C-94BB-4C74-A0EF-FCD6840D6178}.Debug|x64.Build.0 = Debug|Any CPU
		{4805866C-94BB-4C74-A0EF-FCD6840D6178}.Debug|x86.ActiveCfg = Debug|Any CPU
		{4805866C-94BB-4C74-A0EF-FCD6840D6178}.Debug|x86.Build.0 = Debug|Any CPU
		{4805866C-94BB-4C74-A0EF-FCD6840D6178}.Release|Any CPU.ActiveCfg = Release|Any CPU
		{4805866C-94BB-4C74-A0EF-FCD6840D6178}.Release|Any CPU.Build.0 = Release|Any CPU
		{4805866C-94BB-4C74-A0EF-FCD6840D6178}.Release|x64.ActiveCfg = Release|Any CPU
		{4805866C-94BB-4C74-A0EF-FCD6840D6178}.Release|x64.Build.0 = Release|Any CPU
		{4805866C-94BB-4C74-A0EF-FCD6840D6178}.Release|x86.ActiveCfg = Release|Any CPU
		{4805866C-94BB-4C74-A0EF-FCD6840D6178}.Release|x86.Build.0 = Release|Any CPU
		{D32DD85A-1E16-4C77-B57C-3563AF44A2EA}.Debug|Any CPU.ActiveCfg = Debug|Any CPU
		{D32DD85A-1E16-4C77-B57C-3563AF44A2EA}.Debug|Any CPU.Build.0 = Debug|Any CPU
		{D32DD85A-1E16-4C77-B57C-3563AF44A2EA}.Debug|x64.ActiveCfg = Debug|Any CPU
		{D32DD85A-1E16-4C77-B57C-3563AF44A2EA}.Debug|x64.Build.0 = Debug|Any CPU
		{D32DD85A-1E16-4C77-B57C-3563AF44A2EA}.Debug|x86.ActiveCfg = Debug|Any CPU
		{D32DD85A-1E16-4C77-B57C-3563AF44A2EA}.Debug|x86.Build.0 = Debug|Any CPU
		{D32DD85A-1E16-4C77-B57C-3563AF44A2EA}.Release|Any CPU.ActiveCfg = Release|Any CPU
		{D32DD85A-1E16-4C77-B57C-3563AF44A2EA}.Release|Any CPU.Build.0 = Release|Any CPU
		{D32DD85A-1E16-4C77-B57C-3563AF44A2EA}.Release|x64.ActiveCfg = Release|Any CPU
		{D32DD85A-1E16-4C77-B57C-3563AF44A2EA}.Release|x64.Build.0 = Release|Any CPU
		{D32DD85A-1E16-4C77-B57C-3563AF44A2EA}.Release|x86.ActiveCfg = Release|Any CPU
		{D32DD85A-1E16-4C77-B57C-3563AF44A2EA}.Release|x86.Build.0 = Release|Any CPU
		{E38D84AF-6F7D-4556-93C8-A5A121ED68FC}.Debug|Any CPU.ActiveCfg = Debug|Any CPU
		{E38D84AF-6F7D-4556-93C8-A5A121ED68FC}.Debug|Any CPU.Build.0 = Debug|Any CPU
		{E38D84AF-6F7D-4556-93C8-A5A121ED68FC}.Debug|x64.ActiveCfg = Debug|Any CPU
		{E38D84AF-6F7D-4556-93C8-A5A121ED68FC}.Debug|x64.Build.0 = Debug|Any CPU
		{E38D84AF-6F7D-4556-93C8-A5A121ED68FC}.Debug|x86.ActiveCfg = Debug|Any CPU
		{E38D84AF-6F7D-4556-93C8-A5A121ED68FC}.Debug|x86.Build.0 = Debug|Any CPU
		{E38D84AF-6F7D-4556-93C8-A5A121ED68FC}.Release|Any CPU.ActiveCfg = Release|Any CPU
		{E38D84AF-6F7D-4556-93C8-A5A121ED68FC}.Release|Any CPU.Build.0 = Release|Any CPU
		{E38D84AF-6F7D-4556-93C8-A5A121ED68FC}.Release|x64.ActiveCfg = Release|Any CPU
		{E38D84AF-6F7D-4556-93C8-A5A121ED68FC}.Release|x64.Build.0 = Release|Any CPU
		{E38D84AF-6F7D-4556-93C8-A5A121ED68FC}.Release|x86.ActiveCfg = Release|Any CPU
		{E38D84AF-6F7D-4556-93C8-A5A121ED68FC}.Release|x86.Build.0 = Release|Any CPU
	EndGlobalSection
	GlobalSection(NestedProjects) = preSolution
		{452E6F88-1974-40DA-8734-9DF1381CCD54} = {847B0817-E4F5-4D7C-BF3B-D218491047CC}
		{130F0622-9F02-4ACB-8D11-CEEDA9031B29} = {847B0817-E4F5-4D7C-BF3B-D218491047CC}
		{88E2893C-488B-4099-A8EC-89A2CAACC34E} = {11E81B1E-5B8F-42A3-8D71-13C6CDBD60D4}
		{E9D965C9-90BA-4D26-93E9-675A595BB9D1} = {11E81B1E-5B8F-42A3-8D71-13C6CDBD60D4}
		{4097D75C-EBCF-4A04-8377-8887E7FD296B} = {3C897AF7-830A-469B-811F-6764550EBF46}
		{D58D8AC9-DE2A-4BF2-BD1C-C5BD6621F196} = {3C897AF7-830A-469B-811F-6764550EBF46}
		{F0A3293E-14DE-468B-A0C8-160FA0D1CCF3} = {3C897AF7-830A-469B-811F-6764550EBF46}
		{5262B284-3086-4682-A1B6-B299F0A980B5} = {847B0817-E4F5-4D7C-BF3B-D218491047CC}
		{4805866C-94BB-4C74-A0EF-FCD6840D6178} = {3C897AF7-830A-469B-811F-6764550EBF46}
		{D32DD85A-1E16-4C77-B57C-3563AF44A2EA} = {58768315-EFFD-402F-B538-E49C107B37B2}
		{E38D84AF-6F7D-4556-93C8-A5A121ED68FC} = {58768315-EFFD-402F-B538-E49C107B37B2}
	EndGlobalSection
EndGlobal
